[blobstore]
path = "../../../../../wasmcloud/crates/runtime/wit/deps/blobstore"
sha256 = "c8c2a48624fc4ef3ede596ab6c6440d5a452ba01e80583da16e278d5015a793b"
sha512 = "7da7b07241b23d1142d26cc019c9394000e8666e66d8a10ee0354e4aaf400c9a545e006c08e60bc80614a78bb561a0508f74ad7baddae24840adf76813cec389"

[cli]
sha256 = "285865a31d777181b075f39e92bcfe59c89cd6bacce660be1b9a627646956258"
sha512 = "da2622210a9e3eea82b99f1a5b8a44ce5443d009cb943f7bca0bf9cf4360829b289913d7ee727c011f0f72994ea7dc8e661ebcc0a6b34b587297d80cd9b3f7e8"

[clocks]
sha256 = "468b4d12892fe926b8eb5d398dbf579d566c93231fa44f415440572c695b7613"
sha512 = "e6b53a07221f1413953c9797c68f08b815fdaebf66419bbc1ea3e8b7dece73731062693634731f311a03957b268cf9cc509c518bd15e513c318aa04a8459b93a"

[config]
sha256 = "9148c06861712b69170af7b8ec37896b4104297d920fdec9f3bcc0b1eee4a5c8"
sha512 = "25a54101620f279c835b39f56f6dbf8a92b374b6faaf6cf6aaa1ea06d8b97b9b79788cf8abd9c2ad0c11e3629dba6a2513b71f2c54b9f95027054ae54a4615b8"

[filesystem]
sha256 = "498c465cfd04587db40f970fff2185daa597d074c20b68a8bcbae558f261499b"
sha512 = "ead452f9b7bfb88593a502ec00d76d4228003d51c40fd0408aebc32d35c94673551b00230d730873361567cc209ec218c41fb4e95bad194268592c49e7964347"

[http]
sha256 = "8f44402bde16c48e28c47dc53eab0b26af5b3b3482a1852cf77673e0880ba1c1"
sha512 = "760695f9a25c25bf75a25b731cb21c3bda9e288e450edda823324ecbc73d5d798bbb5de2edad999566980836f037463ee9e57d61789d04b3f3e381475b1a9a0f"

[image-analyzer]
path = "../../../components/image-analyzer/wit"
sha256 = "b5e97b6730ab3e1c89f414c8274698ed47ffd010e4ac6157e757d70b4a06ce45"
sha512 = "62a524e613fe665255a77556831c39ce78c33421931c34f9fba88b09971b1a4c0cab9ac854eef5adbf2f8a4b898cabeafdebe51d187da24d44699b9b11466533"
deps = ["cli", "clocks", "config", "filesystem", "http", "io", "keyvalue", "logging", "postgres", "random", "sockets"]

[image-processor]
path = "../../../components/image-processor/wit"
sha256 = "b90a2a4162997af220ef5f0f606d7e0f483c5fd773bbf53c2b517016bf7df72e"
sha512 = "3c72911bcd8e081d3364fd661751da279038a9906cefb665afad9acd593ca18591cd7af24e73556bcd1f58deeb7977e527c85a2b9127a27b3b3574852cac2653"
deps = ["cli", "clocks", "filesystem", "http", "io", "logging", "postgres", "random", "sockets"]

[io]
sha256 = "7210e5653539a15478f894d4da24cc69d61924cbcba21d2804d69314a88e5a4c"
sha512 = "49184a1b0945a889abd52d25271172ed3dc2db6968fcdddb1bab7ee0081f4a3eeee0977ad2291126a37631c0d86eeea75d822fa8af224c422134500bf9f0f2bb"

[keyvalue]
sha256 = "d2de617fe31ec0abc6072f75f97dd22bf95b3231d5b3111471d73871df9081cd"
sha512 = "6f0b4e44c684d760c54552e2bde9bc976e0a4f6525fc1d47acb98625e030847276436242f42a41f4da1bb9169fb2968c53d659d61af9b2f709f4eb6f9880e2c7"

[logging]
sha256 = "9676b482485bb0fd2751a390374c1108865a096b7037f4b5dbe524f066bfb06e"
sha512 = "30a621a6d48a0175e8047c062e618523a85f69c45a7c31918da2b888f7527fce1aca67fa132552222725d0f6cdcaed95be7f16c28488d9468c0fad00cb7450b9"

[postgres]
sha256 = "dc180a915c3716a5f2f41ceee0d312baa75c9ae2b2fa429ad99ab5bced83e4b1"
sha512 = "5954c6f59c804ae32d3c619f442273b749e60181c0154c50aba54c20a2d3dff4f31f714ee6c347cea053ac88101e63b8761c17b37ba88c0d9bc2209cbc132930"

[random]
sha256 = "7371d03c037d924caba2587fb2e7c5773a0d3c5fcecbf7971e0e0ba57973c53d"
sha512 = "964c4e8925a53078e4d94ba907b54f89a0b7e154f46823a505391471466c17f53c8692682e5c85771712acd88b348686173fc07c53a3cfe3d301b8cd8ddd0de4"

[sockets]
sha256 = "622bd28bbeb43736375dc02bd003fd3a016ff8ee91e14bab488325c6b38bf966"
sha512 = "5a63c1f36de0c4548e1d2297bdbededb28721cbad94ef7825c469eae29d7451c97e00b4c1d6730ee1ec0c4a5aac922961a2795762d4a0c3bb54e30a391a84bae"

[task-manager]
path = "../../../components/task-manager/wit"
sha256 = "6f7c4a312f952d40e1e3ba6c157528c45568a200c4ac27bf379e99fa6af8e31e"
sha512 = "8b483879ed68585872c3ddf1206e0fdeaf4bb539b0f6852b94a6bc3744dec4a0b0835f5c1fe62b137eccc574b2cf31f69bd999d0d3a3908189d2eefc35bd7c4e"
deps = ["cli", "clocks", "filesystem", "http", "io", "logging", "postgres", "random", "sockets"]

[wrpc-http]
url = "https://github.com/wrpc/http/archive/refs/tags/v0.1.0.tar.gz"
sha256 = "6400e08c1bd7ecc8836abd72a81ce8ad401f5b2bee5d80a6a6f808d04a72e83c"
sha512 = "da32546a03dc00b8ef8867c082ac5fc74b7cbb8b82f4e27a0de00bd2e010c776d0679bfa2563db294bda5bc27ebc62d5d8ab186328a3c62f2c49a8ea8754797d"
deps = ["cli", "clocks", "filesystem", "http", "io", "random", "sockets"]
